
Microsoft Visual Studio Solution File, Format Version 12.00
# Visual Studio Version 17
VisualStudioVersion = 17.1.32210.238
MinimumVisualStudioVersion = 10.0.40219.1
Project("{8BC9CEB8-8B4A-11D0-8D11-00A0C91BC942}") = "StackAsSLL_pesacki_preko_struct", "StackAsSLL_pesacki_preko_struct\StackAsSLL_pesacki_preko_struct.vcxproj", "{028C0786-DEA6-42ED-A078-5A6E9D41DEA2}"
EndProject
Global
	GlobalSection(SolutionConfigurationPlatforms) = preSolution
		Debug|x64 = Debug|x64
		Debug|x86 = Debug|x86
		Release|x64 = Release|x64
		Release|x86 = Release|x86
	EndGlobalSection
	GlobalSection(ProjectConfigurationPlatforms) = postSolution
		{028C0786-DEA6-42ED-A078-5A6E9D41DEA2}.Debug|x64.ActiveCfg = Debug|x64
		{028C0786-DEA6-42ED-A078-5A6E9D41DEA2}.Debug|x64.Build.0 = Debug|x64
		{028C0786-DEA6-42ED-A078-5A6E9D41DEA2}.Debug|x86.ActiveCfg = Debug|Win32
		{028C0786-DEA6-42ED-A078-5A6E9D41DEA2}.Debug|x86.Build.0 = Debug|Win32
		{028C0786-DEA6-42ED-A078-5A6E9D41DEA2}.Release|x64.ActiveCfg = Release|x64
		{028C0786-DEA6-42ED-A078-5A6E9D41DEA2}.Release|x64.Build.0 = Release|x64
		{028C0786-DEA6-42ED-A078-5A6E9D41DEA2}.Release|x86.ActiveCfg = Release|Win32
		{028C0786-DEA6-42ED-A078-5A6E9D41DEA2}.Release|x86.Build.0 = Release|Win32
	EndGlobalSection
	GlobalSection(SolutionProperties) = preSolution
		HideSolutionNode = FALSE
	EndGlobalSection
	GlobalSection(ExtensibilityGlobals) = postSolution
		SolutionGuid = {7EF72772-30C1-484D-9484-87D2487B8F75}
	EndGlobalSection
EndGlobal
